
Microsoft Visual Studio Solution File, Format Version 12.00
# Visual Studio 2012
Project("{FAE04EC0-301F-11D3-BF4B-00C04F79EFBC}") = "studyserver", "studyserver.csproj", "{EB5359CA-C289-43AA-A708-92C5595A0B49}"
EndProject
Global
	GlobalSection(SolutionConfigurationPlatforms) = preSolution
		Debug|Any CPU = Debug|Any CPU
		Release|Any CPU = Release|Any CPU
	EndGlobalSection
	GlobalSection(ProjectConfigurationPlatforms) = postSolution
		{EB5359CA-C289-43AA-A708-92C5595A0B49}.Debug|Any CPU.ActiveCfg = Debug|Any CPU
		{EB5359CA-C289-43AA-A708-92C5595A0B49}.Debug|Any CPU.Build.0 = Debug|Any CPU
		{EB5359CA-C289-43AA-A708-92C5595A0B49}.Release|Any CPU.ActiveCfg = Release|Any CPU
		{EB5359CA-C289-43AA-A708-92C5595A0B49}.Release|Any CPU.Build.0 = Release|Any CPU
	EndGlobalSection
EndGlobal
